version = 1
revision = 3
requires-python = ">=3.13"

[[package]]
name = "clang-format"
version = "22.1.5"
source = { registry = "https://pypi.org/simple" }
sdist = { url = "https://files.pythonhosted.org/packages/12/67/4195b7bf2204e77a1c6305ea976f8e5dc63e70bcb59702912adb266a102e/clang_format-22.1.5.tar.gz", hash = "sha256:94401741d1db878ee1e002e3c33305a7c8e50ff1a9b0a4b8c713690f404d535c", size = 11508, upload-time = "2026-05-06T13:12:22.996Z" }
wheels = [
    { url = "https://files.pythonhosted.org/packages/6f/f4/eef03a87fe65a666bf8a1d9cf804addd5cd26eb225d4e270f22c20d832b0/clang_format-22.1.5-py2.py3-none-macosx_10_9_x86_64.whl", hash = "sha256:a73a500dcabdac1ebc993b99f77fe61de967c7ab9c26d12d664f02def31f0464", size = 1492641, upload-time = "2026-05-06T13:11:49.939Z" },
    { url = "https://files.pythonhosted.org/packages/0f/d8/e5cfbfd7f0d29c167dda2d014bd76ee3c4169000958948c73dd270c995c4/clang_format-22.1.5-py2.py3-none-macosx_11_0_arm64.whl", hash = "sha256:47e73563e6c55b47d6800bcc52e53e66c73b1d801f775b118dcc7aab8410c36f", size = 1478953, upload-time = "2026-05-06T13:11:52.282Z" },
    { url = "https://files.pythonhosted.org/packages/d9/d5/077d5bbea3d07c494705dc0960e58150651eeb024d9f837ea3350505b1a9/clang_format-22.1.5-py2.py3-none-manylinux_2_26_aarch64.manylinux_2_28_aarch64.whl", hash = "sha256:2db8b07d54f2b9583327715267b8ae5e9852e8da23b49c1bf8dde19067ce6fbc", size = 1757816, upload-time = "2026-05-06T13:11:54.468Z" },
    { url = "https://files.pythonhosted.org/packages/ca/95/25636844c2255fa40d1e6a691c483a9c8804f0ce6903eb790f8e4d95dfa6/clang_format-22.1.5-py2.py3-none-manylinux_2_26_i686.manylinux_2_28_i686.whl", hash = "sha256:7a93aad78b03f190d8a73e5e81d6942bc0e4f449add21e62c7fad1be2cdfec03", size = 1888629, upload-time = "2026-05-06T13:11:56.31Z" },
    { url = "https://files.pythonhosted.org/packages/6f/59/8b9a1f6f4197292577dae8ff9f94c5900622c0e0a395a46cb2278e4d813a/clang_format-22.1.5-py2.py3-none-manylinux_2_26_ppc64le.manylinux_2_28_ppc64le.whl", hash = "sha256:b40d0d264003c831cda317d09db31f0ebbcddd5dc13f04af52be5664d2b8aa89", size = 2070260, upload-time = "2026-05-06T13:11:58.243Z" },
    { url = "https://files.pythonhosted.org/packages/f1/a8/f33290829eb73e1baece6d46a55d19a3d286ddee559a1955add639ceb731/clang_format-22.1.5-py2.py3-none-manylinux_2_26_s390x.manylinux_2_28_s390x.whl", hash = "sha256:a89ec86dd33f367b4e10dc1f243508709deed8576bb75a7b01c1412de47504df", size = 2101891, upload-time = "2026-05-06T13:12:00.131Z" },
    { url = "https://files.pythonhosted.org/packages/39/5e/bf1ea7a20ec3ffecda7eff98ad0f1621255e244e0f888d011a2106a04318/clang_format-22.1.5-py2.py3-none-manylinux_2_27_x86_64.manylinux_2_28_x86_64.whl", hash = "sha256:451efcd0738908b2bd4d76409b52920ef381e045eb6728f9286d2ae5f02f3ef2", size = 1841172, upload-time = "2026-05-06T13:12:02.03Z" },
    { url = "https://files.pythonhosted.org/packages/b5/5f/853664a3d7599a682b2c89cc76606b818c5c56c7741251a42004e3e76104/clang_format-22.1.5-py2.py3-none-manylinux_2_31_armv7l.whl", hash = "sha256:39af8c0b77fb05d1dc7073ee9e348d81a965a0b96c0307d07cd92bbd74c611c7", size = 1684799, upload-time = "2026-05-06T13:12:03.6Z" },
    { url = "https://files.pythonhosted.org/packages/81/0b/7eb88226eed4c6cb529878d578f888c96ad3778df30e64d3223860327a08/clang_format-22.1.5-py2.py3-none-musllinux_1_2_aarch64.whl", hash = "sha256:cbafc220a1ad3da603f0e4a469f52cf31be60da384d213727b62af0684cfd96b", size = 2735300, upload-time = "2026-05-06T13:12:05.329Z" },
    { url = "https://files.pythonhosted.org/packages/7e/82/38a8271f80861e75012c5ef63955f42ddd90cfff6a4ac09c84c055c1f4b3/clang_format-22.1.5-py2.py3-none-musllinux_1_2_armv7l.whl", hash = "sha256:4f43424bc0944402f2166337cc330f92d31d102b5a3ee31714814823ac647a67", size = 2514975, upload-time = "2026-05-06T13:12:07.458Z" },
    { url = "https://files.pythonhosted.org/packages/98/7a/2fb4e48fb9205e0b4380fe44d27d1e29141211f0fa53887e75224bf4fbe7/clang_format-22.1.5-py2.py3-none-musllinux_1_2_i686.whl", hash = "sha256:a6f700f948a0eeccdc74966a773d3f2f348ffedab4b49b10b71439f26d1b8ad2", size = 2985901, upload-time = "2026-05-06T13:12:09.317Z" },
    { url = "https://files.pythonhosted.org/packages/8c/0a/1f6cd7f0ebb8083db3098d648af3d363c35f6864159fa508d213279294b0/clang_format-22.1.5-py2.py3-none-musllinux_1_2_ppc64le.whl", hash = "sha256:f0fb5226525c846a8770b8adaba3a323261b6031a13d065d4d4c4aa0bf6dbbc4", size = 3119111, upload-time = "2026-05-06T13:12:11.445Z" },
    { url = "https://files.pythonhosted.org/packages/e3/7e/89cdc4216d8d49eeff98043bb5836eec5da805fd31aeb8f480bf4b8fa8ca/clang_format-22.1.5-py2.py3-none-musllinux_1_2_s390x.whl", hash = "sha256:86838932bcbfebdb4c900ea9e7c4dc4356a56aa75990c38065863c82c0d5e39f", size = 3217256, upload-time = "2026-05-06T13:12:13.252Z" },
    { url = "https://files.pythonhosted.org/packages/f7/eb/a1fa659d85d9b40eee594bfd2be7ddaf05e0296788ee2955473ef1e7bb38/clang_format-22.1.5-py2.py3-none-musllinux_1_2_x86_64.whl", hash = "sha256:5028f730a1acd0a2ff5fde309c3a064b2f8375caa664e57ff99c69a524d6cfd2", size = 2848433, upload-time = "2026-05-06T13:12:15.421Z" },
    { url = "https://files.pythonhosted.org/packages/c0/f7/f6c94ec536b6ada3dd23e0b49e691c80991dc5de89a5152b1ea2ed14c20b/clang_format-22.1.5-py2.py3-none-win32.whl", hash = "sha256:c1c2c4b9c9b7fba124c1b60647706ac6d4950e52830303951e7004403bb07006", size = 1299262, upload-time = "2026-05-06T13:12:17.449Z" },
    { url = "https://files.pythonhosted.org/packages/79/62/96fb942f00a39f93aeedf8ab5a16b2b42688bdc7ca7ec94714502b787c0e/clang_format-22.1.5-py2.py3-none-win_amd64.whl", hash = "sha256:0393ce061bf7bd7e7ce349fc758a05f9ce604d8653e23b47f24322fb4843074c", size = 1460369, upload-time = "2026-05-06T13:12:19.016Z" },
    { url = "https://files.pythonhosted.org/packages/ce/2d/35c5301c6d04f4babf218ad9716c061abebb8a56a1bbad167a86dfe966d3/clang_format-22.1.5-py2.py3-none-win_arm64.whl", hash = "sha256:4f5ac3b91bb5700c43cb96beb32e360a5aa6a7f94105d7900054f6496554d9b9", size = 1344987, upload-time = "2026-05-06T13:12:20.88Z" },
]

[[package]]
name = "clang-tidy"
version = "22.1.7"
source = { registry = "https://pypi.org/simple" }
sdist = { url = "https://files.pythonhosted.org/packages/c4/ab/a9c1e33958d64b769c971377ea1529a260c63b431045b43d0ead3e4609f0/clang_tidy-22.1.7.tar.gz", hash = "sha256:291c3612ef942e5d107ff518c17daa4a8fe457c30c6b9602fd0aadb4a49d26ff", size = 11359, upload-time = "2026-06-14T20:31:22.134Z" }
wheels = [
    { url = "https://files.pythonhosted.org/packages/bc/4e/de59bc2bda314fa0622b967d0542e16c78e156038827422740fc9749a3b0/clang_tidy-22.1.7-py2.py3-none-macosx_10_9_x86_64.whl", hash = "sha256:37094b7f8606b6d9eeff4d9b4ff5423791e891ffdffb57c60218da4231dea0d1", size = 30221293, upload-time = "2026-06-14T20:30:51.003Z" },
    { url = "https://files.pythonhosted.org/packages/e2/eb/bd4179187eb12348350d9de3a3124fb1466f0fd5ff33619ed45575752683/clang_tidy-22.1.7-py2.py3-none-macosx_11_0_arm64.whl", hash = "sha256:bfa4279c8f3c790c3f4d7b8ba250fd08d8b42442cb01eb7b3655d3921ad4f047", size = 29317304, upload-time = "2026-06-14T20:30:53.989Z" },
    { url = "https://files.pythonhosted.org/packages/27/8d/f21976010dfd1746d5eac80bccaa364f56df61ab968c6d9279513e21f945/clang_tidy-22.1.7-py2.py3-none-manylinux_2_26_aarch64.manylinux_2_28_aarch64.whl", hash = "sha256:ccefb0832dbac7ee3cf17677f429d1b868c49542879a020991139ecd980e0727", size = 40362272, upload-time = "2026-06-14T20:30:56.369Z" },
    { url = "https://files.pythonhosted.org/packages/43/69/3be98747ee4e8aedcfc4525a8e0c1576118bcd4de9a560d84a2a398158ce/clang_tidy-22.1.7-py2.py3-none-manylinux_2_27_x86_64.manylinux_2_28_x86_64.whl", hash = "sha256:cff22f68ae7a3d8bf1b99ed77b9b81f8027f093c3e7b02f1d31dab76e0761433", size = 42212449, upload-time = "2026-06-14T20:30:59.382Z" },
    { url = "https://files.pythonhosted.org/packages/cf/fd/47736e5aa78773d515927745cb9387de97c3b2e8b61b348dac681bb5858e/clang_tidy-22.1.7-py2.py3-none-manylinux_2_28_i686.whl", hash = "sha256:8a4ccaa7a76ef3cdea3df1f74ac400c3e89a8b57619ec39c9db12dca1fcafb7e", size = 47703202, upload-time = "2026-06-14T20:31:02.21Z" },
    { url = "https://files.pythonhosted.org/packages/78/45/e61bf27e5eb09f40e42a1be55da6384db20a27abe8eecf8cc31c393aca8b/clang_tidy-22.1.7-py2.py3-none-manylinux_2_31_armv7l.whl", hash = "sha256:00cb0c1eeba6cf4cc1c70eaf569d602c96cff0ce8ec90cc7ce09ab4d19f60b70", size = 38811957, upload-time = "2026-06-14T20:31:05.184Z" },
    { url = "https://files.pythonhosted.org/packages/7e/78/0473466ab54a462133d6e1cf6d2b79c5703f5bf1b9f664fe20cdd62a4057/clang_tidy-22.1.7-py2.py3-none-musllinux_1_2_armv7l.whl", hash = "sha256:c6206dbe50de71e0455bad0c7e68b64d529e4de48960a92eb6ddecdc8bffb5b2", size = 39646050, upload-time = "2026-06-14T20:31:07.92Z" },
    { url = "https://files.pythonhosted.org/packages/59/1f/05874ef73802eec281547bf4d5c529ef06c592c0e98c2b8c95050ca33c70/clang_tidy-22.1.7-py2.py3-none-musllinux_1_2_i686.whl", hash = "sha256:d684849f24e22e571658832753ab03032bf5c01dd810e0d50642b63c5ef4536c", size = 49885785, upload-time = "2026-06-14T20:31:10.734Z" },
    { url = "https://files.pythonhosted.org/packages/3a/15/6ca6636cc65696814b671f99af4ae463247cfab9cbf4e4f944e5c3c051e4/clang_tidy-22.1.7-py2.py3-none-musllinux_1_2_x86_64.whl", hash = "sha256:6c80bdef06bbf73e5e97471c84684229001130deb60051777c7eb2b233cfd525", size = 44845051, upload-time = "2026-06-14T20:31:13.378Z" },
    { url = "https://files.pythonhosted.org/packages/e5/da/f46f0551e1ce75b1a5a8abcf330e31dd065552c8c074c21cde457051f212/clang_tidy-22.1.7-py2.py3-none-win32.whl", hash = "sha256:09eda5486883379193991d196a45e888217ab68d74977eeb8137a80f7c198d3d", size = 22177549, upload-time = "2026-06-14T20:31:16.747Z" },
    { url = "https://files.pythonhosted.org/packages/51/9b/755d77e51e8aebd03e287dc19727d5c4ca286fd419ff4cf5bd904f7b0366/clang_tidy-22.1.7-py2.py3-none-win_amd64.whl", hash = "sha256:3c135de4bde262938d9b66d578b42bebfa253503d5f8736a8338bfd316895b6a", size = 25105047, upload-time = "2026-06-14T20:31:19.151Z" },
]

[[package]]
name = "device"
version = "0.1.0"
source = { virtual = "." }
dependencies = [
    { name = "pyserial" },
]

[package.dev-dependencies]
dev = [
    { name = "clang-format" },
    { name = "clang-tidy" },
    { name = "ruff" },
]

[package.metadata]
requires-dist = [{ name = "pyserial", specifier = ">=3.5" }]

[package.metadata.requires-dev]
dev = [
    { name = "clang-format", specifier = ">=22.1.5" },
    { name = "clang-tidy", specifier = ">=22.1.7" },
    { name = "ruff", specifier = ">=0.15.20" },
]

[[package]]
name = "pyserial"
version = "3.5"
source = { registry = "https://pypi.org/simple" }
sdist = { url = "https://files.pythonhosted.org/packages/1e/7d/ae3f0a63f41e4d2f6cb66a5b57197850f919f59e558159a4dd3a818f5082/pyserial-3.5.tar.gz", hash = "sha256:3c77e014170dfffbd816e6ffc205e9842efb10be9f58ec16d3e8675b4925cddb", size = 159125, upload-time = "2020-11-23T03:59:15.045Z" }
wheels = [
    { url = "https://files.pythonhosted.org/packages/07/bc/587a445451b253b285629263eb51c2d8e9bcea4fc97826266d186f96f558/pyserial-3.5-py2.py3-none-any.whl", hash = "sha256:c4451db6ba391ca6ca299fb3ec7bae67a5c55dde170964c7a14ceefec02f2cf0", size = 90585, upload-time = "2020-11-23T03:59:13.41Z" },
]

[[package]]
name = "ruff"
version = "0.15.20"
source = { registry = "https://pypi.org/simple" }
sdist = { url = "https://files.pythonhosted.org/packages/43/dc/35b341fc554ba02f217fc10da57d1a75168cfbcf75b0ef2202176d4c4f2d/ruff-0.15.20.tar.gz", hash = "sha256:1416eb04349192646b54de98f146c4f59afe37d0decfc02c3cbbf396f3a28566", size = 4755489, upload-time = "2026-06-25T17:20:37.578Z" }
wheels = [
    { url = "https://files.pythonhosted.org/packages/94/d9/2d5014f0253ba541d2061d9fa7193f48e941c8b21bb88a7ff9bbe0bd0596/ruff-0.15.20-py3-none-linux_armv6l.whl", hash = "sha256:00e188c53e499c3c1637f73c91dcf2fb56d576cab76ce1be50a27c4e80e37078", size = 10839665, upload-time = "2026-06-25T17:19:44.702Z" },
    { url = "https://files.pythonhosted.org/packages/c6/d3/ac1798ba64f670698867fcfc591d50e7e421bef137db564858f619a30fcf/ruff-0.15.20-py3-none-macosx_10_12_x86_64.whl", hash = "sha256:9ebd1fd9b9c95fc0bd7b2761aebec1f030013d2e193a2901b224af68fe47251b", size = 11208649, upload-time = "2026-06-25T17:19:48.787Z" },
    { url = "https://files.pythonhosted.org/packages/47/47/d3ac899991202095dfcf3d5176be4272642be3cf981a2f1a30f72a2afb95/ruff-0.15.20-py3-none-macosx_11_0_arm64.whl", hash = "sha256:c5b16cdd67ca108185cd36dce98c576350c03b1660a751de725fb049193a0632", size = 10622638, upload-time = "2026-06-25T17:19:51.354Z" },
    { url = "https://files.pythonhosted.org/packages/33/13/4e043fe30aa94d4ff5213a9881fc296d12960f5971b234a5263fdc225312/ruff-0.15.20-py3-none-manylinux_2_17_aarch64.manylinux2014_aarch64.whl", hash = "sha256:3413bb3c3d2ca6a8208f1f4809cd2dca3c6de6d0b491c0e70847672bde6e6efd", size = 10984227, upload-time = "2026-06-25T17:19:54.044Z" },
    { url = "https://files.pythonhosted.org/packages/76/e6/92e7bf40388bc5800073b96564f56264f7e48bfd1a498f5ced6ae6d5a769/ruff-0.15.20-py3-none-manylinux_2_17_armv7l.manylinux2014_armv7l.whl", hash = "sha256:bd7ec42b3bb3da066488db093308a69c4ac5ee6d2af333a86ba6e2eb2e7dd44b", size = 10622882, upload-time = "2026-06-25T17:19:57.037Z" },
    { url = "https://files.pythonhosted.org/packages/13/7a/43460be3f24495a3aa46d4b16873e2c4941b3b5f0b00cf88c03b7b94b339/ruff-0.15.20-py3-none-manylinux_2_17_i686.manylinux2014_i686.whl", hash = "sha256:e1a36ad0eb77fba9aabfb69ede54de6f376d04ac18ebea022847046d340a8267", size = 11474808, upload-time = "2026-06-25T17:20:00.357Z" },
    { url = "https://files.pythonhosted.org/packages/27/a0/f37077884873221c6b33b4ab49eb18f9f88e54a16a25a5bca59bef46dd66/ruff-0.15.20-py3-none-manylinux_2_17_ppc64le.manylinux2014_ppc64le.whl", hash = "sha256:b6df3b1e4610432f0386dba04d853b5f08cbbc903410c6fcc02f620f05aff53c", size = 12293094, upload-time = "2026-06-25T17:20:03.446Z" },
    { url = "https://files.pythonhosted.org/packages/a6/74/165545b60256a9704c21ac0ec4a0d07933b320812f9584836c9f4aca4292/ruff-0.15.20-py3-none-manylinux_2_17_s390x.manylinux2014_s390x.whl", hash = "sha256:e89f198a1ea6ef0d727c1cf16088bc91a6cb0ab947dedc966715691647186eae", size = 11526176, upload-time = "2026-06-25T17:20:06.301Z" },
    { url = "https://files.pythonhosted.org/packages/86/b1/a976a136d40ade83ce743578399865f57001003a409acadc0ecbb3051082/ruff-0.15.20-py3-none-manylinux_2_17_x86_64.manylinux2014_x86_64.whl", hash = "sha256:309809086c2acb67624950a3c8133e80f32d0d3e27106c0cd60ff26657c9f24b", size = 11520767, upload-time = "2026-06-25T17:20:09.191Z" },
    { url = "https://files.pythonhosted.org/packages/19/0f/f032696cb01c9b54c0263fa393474d7758f1cdc021a01b04e3cbc2500999/ruff-0.15.20-py3-none-manylinux_2_31_riscv64.whl", hash = "sha256:2d2374caa2f2c2f9e2b7da0a50802cfb8b79f55a9b5e49379f564544fbf56487", size = 11500132, upload-time = "2026-06-25T17:20:13.602Z" },
    { url = "https://files.pythonhosted.org/packages/4b/f4/51b1a14bc69e8c224b15dab9cce8e99b425e0455d462caa2b3c9be2b6a8e/ruff-0.15.20-py3-none-musllinux_1_2_aarch64.whl", hash = "sha256:a1ed17b65293e0c2f22fc387bc13198a5de94bf4429589b0ff6946b0feaf21a3", size = 10943828, upload-time = "2026-06-25T17:20:16.635Z" },
    { url = "https://files.pythonhosted.org/packages/71/4b/fe267640783cd02bf6c5cc290b1df1051be2ec294c678b5c15fe19e52343/ruff-0.15.20-py3-none-musllinux_1_2_armv7l.whl", hash = "sha256:f701305e66b38ea6c91882490eb73459796808e4c6362a1b765255e0cdcd4053", size = 10645418, upload-time = "2026-06-25T17:20:19.4Z" },
    { url = "https://files.pythonhosted.org/packages/b0/c0/a65aa4ec2f5e87a1df32dc3ec1fede434fe3dfd5cbcf3b503cafc676ab54/ruff-0.15.20-py3-none-musllinux_1_2_i686.whl", hash = "sha256:5b9c0c367ad8e5d0d5b5b8537864c469a0a0e55417aadfbeca41fa61333be9f4", size = 11211770, upload-time = "2026-06-25T17:20:22.033Z" },
    { url = "https://files.pythonhosted.org/packages/5a/a4/0caa331d954ae2723d729d351c989cb4ca8b6077d5c6c2cb6de75e98c041/ruff-0.15.20-py3-none-musllinux_1_2_x86_64.whl", hash = "sha256:01cc00dd58f0df339d0e902219dd53990ea99996a0344e5d9cc8d45d5307e460", size = 11618698, upload-time = "2026-06-25T17:20:25.259Z" },
    { url = "https://files.pythonhosted.org/packages/10/9b/5f14927848d2fd4aa891fd88d883788c5a7baba561c7874732364045708c/ruff-0.15.20-py3-none-win32.whl", hash = "sha256:ed65ef510e43a137207e0f01cfcf998aeddb1aeeda5c9d35023e910284d7cf21", size = 10857322, upload-time = "2026-06-25T17:20:28.612Z" },
    { url = "https://files.pythonhosted.org/packages/fa/f0/fe47c501f9dea92a26d788ff98bb5d92ed4cb4c88792c5c88af6b697dc8e/ruff-0.15.20-py3-none-win_amd64.whl", hash = "sha256:a525c81c70fb0380344dd1d8745d8cc1c890b7fc94a58d5a07bd8eb9557b8415", size = 11993274, upload-time = "2026-06-25T17:20:31.871Z" },
    { url = "https://files.pythonhosted.org/packages/d7/2b/9555445e1201d92b3195f45cdb153a0b68f24e0a4273f6e3d5ab46e212bb/ruff-0.15.20-py3-none-win_arm64.whl", hash = "sha256:2f5b2a6d614e8700388806a14996c40fab2c47b819ef57d790a34878858ed9ca", size = 11343498, upload-time = "2026-06-25T17:20:35.03Z" },
]
