version = 1
revision = 3
requires-python = ">=3.13"

[[package]]
name = "clang-format"
version = "22.1.5"
source = { registry = "https://pypi.org/simple" }
sdist = { url = "https://files.pythonhosted.org/packages/12/67/4195b7bf2204e77a1c6305ea976f8e5dc63e70bcb59702912adb266a102e/clang_format-22.1.5.tar.gz", hash = "sha256:94401741d1db878ee1e002e3c33305a7c8e50ff1a9b0a4b8c713690f404d535c", size = 11508, upload-time = "2026-05-06T13:12:22.996Z" }
wheels = [
    { url = "https://files.pythonhosted.org/packages/6f/f4/eef03a87fe65a666bf8a1d9cf804addd5cd26eb225d4e270f22c20d832b0/clang_format-22.1.5-py2.py3-none-macosx_10_9_x86_64.whl", hash = "sha256:a73a500dcabdac1ebc993b99f77fe61de967c7ab9c26d12d664f02def31f0464", size = 1492641, upload-time = "2026-05-06T13:11:49.939Z" },
    { url = "https://files.pythonhosted.org/packages/0f/d8/e5cfbfd7f0d29c167dda2d014bd76ee3c4169000958948c73dd270c995c4/clang_format-22.1.5-py2.py3-none-macosx_11_0_arm64.whl", hash = "sha256:47e73563e6c55b47d6800bcc52e53e66c73b1d801f775b118dcc7aab8410c36f", size = 1478953, upload-time = "2026-05-06T13:11:52.282Z" },
    { url = "https://files.pythonhosted.org/packages/d9/d5/077d5bbea3d07c494705dc0960e58150651eeb024d9f837ea3350505b1a9/clang_format-22.1.5-py2.py3-none-manylinux_2_26_aarch64.manylinux_2_28_aarch64.whl", hash = "sha256:2db8b07d54f2b9583327715267b8ae5e9852e8da23b49c1bf8dde19067ce6fbc", size = 1757816, upload-time = "2026-05-06T13:11:54.468Z" },
    { url = "https://files.pythonhosted.org/packages/ca/95/25636844c2255fa40d1e6a691c483a9c8804f0ce6903eb790f8e4d95dfa6/clang_format-22.1.5-py2.py3-none-manylinux_2_26_i686.manylinux_2_28_i686.whl", hash = "sha256:7a93aad78b03f190d8a73e5e81d6942bc0e4f449add21e62c7fad1be2cdfec03", size = 1888629, upload-time = "2026-05-06T13:11:56.31Z" },
    { url = "https://files.pythonhosted.org/packages/6f/59/8b9a1f6f4197292577dae8ff9f94c5900622c0e0a395a46cb2278e4d813a/clang_format-22.1.5-py2.py3-none-manylinux_2_26_ppc64le.manylinux_2_28_ppc64le.whl", hash = "sha256:b40d0d264003c831cda317d09db31f0ebbcddd5dc13f04af52be5664d2b8aa89", size = 2070260, upload-time = "2026-05-06T13:11:58.243Z" },
    { url = "https://files.pythonhosted.org/packages/f1/a8/f33290829eb73e1baece6d46a55d19a3d286ddee559a1955add639ceb731/clang_format-22.1.5-py2.py3-none-manylinux_2_26_s390x.manylinux_2_28_s390x.whl", hash = "sha256:a89ec86dd33f367b4e10dc1f243508709deed8576bb75a7b01c1412de47504df", size = 2101891, upload-time = "2026-05-06T13:12:00.131Z" },
    { url = "https://files.pythonhosted.org/packages/39/5e/bf1ea7a20ec3ffecda7eff98ad0f1621255e244e0f888d011a2106a04318/clang_format-22.1.5-py2.py3-none-manylinux_2_27_x86_64.manylinux_2_28_x86_64.whl", hash = "sha256:451efcd0738908b2bd4d76409b52920ef381e045eb6728f9286d2ae5f02f3ef2", size = 1841172, upload-time = "2026-05-06T13:12:02.03Z" },
    { url = "https://files.pythonhosted.org/packages/b5/5f/853664a3d7599a682b2c89cc76606b818c5c56c7741251a42004e3e76104/clang_format-22.1.5-py2.py3-none-manylinux_2_31_armv7l.whl", hash = "sha256:39af8c0b77fb05d1dc7073ee9e348d81a965a0b96c0307d07cd92bbd74c611c7", size = 1684799, upload-time = "2026-05-06T13:12:03.6Z" },
    { url = "https://files.pythonhosted.org/packages/81/0b/7eb88226eed4c6cb529878d578f888c96ad3778df30e64d3223860327a08/clang_format-22.1.5-py2.py3-none-musllinux_1_2_aarch64.whl", hash = "sha256:cbafc220a1ad3da603f0e4a469f52cf31be60da384d213727b62af0684cfd96b", size = 2735300, upload-time = "2026-05-06T13:12:05.329Z" },
    { url = "https://files.pythonhosted.org/packages/7e/82/38a8271f80861e75012c5ef63955f42ddd90cfff6a4ac09c84c055c1f4b3/clang_format-22.1.5-py2.py3-none-musllinux_1_2_armv7l.whl", hash = "sha256:4f43424bc0944402f2166337cc330f92d31d102b5a3ee31714814823ac647a67", size = 2514975, upload-time = "2026-05-06T13:12:07.458Z" },
    { url = "https://files.pythonhosted.org/packages/98/7a/2fb4e48fb9205e0b4380fe44d27d1e29141211f0fa53887e75224bf4fbe7/clang_format-22.1.5-py2.py3-none-musllinux_1_2_i686.whl", hash = "sha256:a6f700f948a0eeccdc74966a773d3f2f348ffedab4b49b10b71439f26d1b8ad2", size = 2985901, upload-time = "2026-05-06T13:12:09.317Z" },
    { url = "https://files.pythonhosted.org/packages/8c/0a/1f6cd7f0ebb8083db3098d648af3d363c35f6864159fa508d213279294b0/clang_format-22.1.5-py2.py3-none-musllinux_1_2_ppc64le.whl", hash = "sha256:f0fb5226525c846a8770b8adaba3a323261b6031a13d065d4d4c4aa0bf6dbbc4", size = 3119111, upload-time = "2026-05-06T13:12:11.445Z" },
    { url = "https://files.pythonhosted.org/packages/e3/7e/89cdc4216d8d49eeff98043bb5836eec5da805fd31aeb8f480bf4b8fa8ca/clang_format-22.1.5-py2.py3-none-musllinux_1_2_s390x.whl", hash = "sha256:86838932bcbfebdb4c900ea9e7c4dc4356a56aa75990c38065863c82c0d5e39f", size = 3217256, upload-time = "2026-05-06T13:12:13.252Z" },
    { url = "https://files.pythonhosted.org/packages/f7/eb/a1fa659d85d9b40eee594bfd2be7ddaf05e0296788ee2955473ef1e7bb38/clang_format-22.1.5-py2.py3-none-musllinux_1_2_x86_64.whl", hash = "sha256:5028f730a1acd0a2ff5fde309c3a064b2f8375caa664e57ff99c69a524d6cfd2", size = 2848433, upload-time = "2026-05-06T13:12:15.421Z" },
    { url = "https://files.pythonhosted.org/packages/c0/f7/f6c94ec536b6ada3dd23e0b49e691c80991dc5de89a5152b1ea2ed14c20b/clang_format-22.1.5-py2.py3-none-win32.whl", hash = "sha256:c1c2c4b9c9b7fba124c1b60647706ac6d4950e52830303951e7004403bb07006", size = 1299262, upload-time = "2026-05-06T13:12:17.449Z" },
    { url = "https://files.pythonhosted.org/packages/79/62/96fb942f00a39f93aeedf8ab5a16b2b42688bdc7ca7ec94714502b787c0e/clang_format-22.1.5-py2.py3-none-win_amd64.whl", hash = "sha256:0393ce061bf7bd7e7ce349fc758a05f9ce604d8653e23b47f24322fb4843074c", size = 1460369, upload-time = "2026-05-06T13:12:19.016Z" },
    { url = "https://files.pythonhosted.org/packages/ce/2d/35c5301c6d04f4babf218ad9716c061abebb8a56a1bbad167a86dfe966d3/clang_format-22.1.5-py2.py3-none-win_arm64.whl", hash = "sha256:4f5ac3b91bb5700c43cb96beb32e360a5aa6a7f94105d7900054f6496554d9b9", size = 1344987, upload-time = "2026-05-06T13:12:20.88Z" },
]

[[package]]
name = "clang-tidy"
version = "22.1.7"
source = { registry = "https://pypi.org/simple" }
sdist = { url = "https://files.pythonhosted.org/packages/c4/ab/a9c1e33958d64b769c971377ea1529a260c63b431045b43d0ead3e4609f0/clang_tidy-22.1.7.tar.gz", hash = "sha256:291c3612ef942e5d107ff518c17daa4a8fe457c30c6b9602fd0aadb4a49d26ff", size = 11359, upload-time = "2026-06-14T20:31:22.134Z" }
wheels = [
    { url = "https://files.pythonhosted.org/packages/bc/4e/de59bc2bda314fa0622b967d0542e16c78e156038827422740fc9749a3b0/clang_tidy-22.1.7-py2.py3-none-macosx_10_9_x86_64.whl", hash = "sha256:37094b7f8606b6d9eeff4d9b4ff5423791e891ffdffb57c60218da4231dea0d1", size = 30221293, upload-time = "2026-06-14T20:30:51.003Z" },
    { url = "https://files.pythonhosted.org/packages/e2/eb/bd4179187eb12348350d9de3a3124fb1466f0fd5ff33619ed45575752683/clang_tidy-22.1.7-py2.py3-none-macosx_11_0_arm64.whl", hash = "sha256:bfa4279c8f3c790c3f4d7b8ba250fd08d8b42442cb01eb7b3655d3921ad4f047", size = 29317304, upload-time = "2026-06-14T20:30:53.989Z" },
    { url = "https://files.pythonhosted.org/packages/27/8d/f21976010dfd1746d5eac80bccaa364f56df61ab968c6d9279513e21f945/clang_tidy-22.1.7-py2.py3-none-manylinux_2_26_aarch64.manylinux_2_28_aarch64.whl", hash = "sha256:ccefb0832dbac7ee3cf17677f429d1b868c49542879a020991139ecd980e0727", size = 40362272, upload-time = "2026-06-14T20:30:56.369Z" },
    { url = "https://files.pythonhosted.org/packages/43/69/3be98747ee4e8aedcfc4525a8e0c1576118bcd4de9a560d84a2a398158ce/clang_tidy-22.1.7-py2.py3-none-manylinux_2_27_x86_64.manylinux_2_28_x86_64.whl", hash = "sha256:cff22f68ae7a3d8bf1b99ed77b9b81f8027f093c3e7b02f1d31dab76e0761433", size = 42212449, upload-time = "2026-06-14T20:30:59.382Z" },
    { url = "https://files.pythonhosted.org/packages/cf/fd/47736e5aa78773d515927745cb9387de97c3b2e8b61b348dac681bb5858e/clang_tidy-22.1.7-py2.py3-none-manylinux_2_28_i686.whl", hash = "sha256:8a4ccaa7a76ef3cdea3df1f74ac400c3e89a8b57619ec39c9db12dca1fcafb7e", size = 47703202, upload-time = "2026-06-14T20:31:02.21Z" },
    { url = "https://files.pythonhosted.org/packages/78/45/e61bf27e5eb09f40e42a1be55da6384db20a27abe8eecf8cc31c393aca8b/clang_tidy-22.1.7-py2.py3-none-manylinux_2_31_armv7l.whl", hash = "sha256:00cb0c1eeba6cf4cc1c70eaf569d602c96cff0ce8ec90cc7ce09ab4d19f60b70", size = 38811957, upload-time = "2026-06-14T20:31:05.184Z" },
    { url = "https://files.pythonhosted.org/packages/7e/78/0473466ab54a462133d6e1cf6d2b79c5703f5bf1b9f664fe20cdd62a4057/clang_tidy-22.1.7-py2.py3-none-musllinux_1_2_armv7l.whl", hash = "sha256:c6206dbe50de71e0455bad0c7e68b64d529e4de48960a92eb6ddecdc8bffb5b2", size = 39646050, upload-time = "2026-06-14T20:31:07.92Z" },
    { url = "https://files.pythonhosted.org/packages/59/1f/05874ef73802eec281547bf4d5c529ef06c592c0e98c2b8c95050ca33c70/clang_tidy-22.1.7-py2.py3-none-musllinux_1_2_i686.whl", hash = "sha256:d684849f24e22e571658832753ab03032bf5c01dd810e0d50642b63c5ef4536c", size = 49885785, upload-time = "2026-06-14T20:31:10.734Z" },
    { url = "https://files.pythonhosted.org/packages/3a/15/6ca6636cc65696814b671f99af4ae463247cfab9cbf4e4f944e5c3c051e4/clang_tidy-22.1.7-py2.py3-none-musllinux_1_2_x86_64.whl", hash = "sha256:6c80bdef06bbf73e5e97471c84684229001130deb60051777c7eb2b233cfd525", size = 44845051, upload-time = "2026-06-14T20:31:13.378Z" },
    { url = "https://files.pythonhosted.org/packages/e5/da/f46f0551e1ce75b1a5a8abcf330e31dd065552c8c074c21cde457051f212/clang_tidy-22.1.7-py2.py3-none-win32.whl", hash = "sha256:09eda5486883379193991d196a45e888217ab68d74977eeb8137a80f7c198d3d", size = 22177549, upload-time = "2026-06-14T20:31:16.747Z" },
    { url = "https://files.pythonhosted.org/packages/51/9b/755d77e51e8aebd03e287dc19727d5c4ca286fd419ff4cf5bd904f7b0366/clang_tidy-22.1.7-py2.py3-none-win_amd64.whl", hash = "sha256:3c135de4bde262938d9b66d578b42bebfa253503d5f8736a8338bfd316895b6a", size = 25105047, upload-time = "2026-06-14T20:31:19.151Z" },
]

[[package]]
name = "device"
version = "0.1.0"
source = { virtual = "." }
dependencies = [
    { name = "pyserial" },
]

[package.dev-dependencies]
dev = [
    { name = "clang-format" },
    { name = "clang-tidy" },
    { name = "ruff" },
]

[package.metadata]
requires-dist = [{ name = "pyserial", specifier = ">=3.5" }]

[package.metadata.requires-dev]
dev = [
    { name = "clang-format", specifier = ">=22.1.5" },
    { name = "clang-tidy", specifier = ">=22.1.7" },
    { name = "ruff", specifier = ">=0.16.0" },
]

[[package]]
name = "pyserial"
version = "3.5"
source = { registry = "https://pypi.org/simple" }
sdist = { url = "https://files.pythonhosted.org/packages/1e/7d/ae3f0a63f41e4d2f6cb66a5b57197850f919f59e558159a4dd3a818f5082/pyserial-3.5.tar.gz", hash = "sha256:3c77e014170dfffbd816e6ffc205e9842efb10be9f58ec16d3e8675b4925cddb", size = 159125, upload-time = "2020-11-23T03:59:15.045Z" }
wheels = [
    { url = "https://files.pythonhosted.org/packages/07/bc/587a445451b253b285629263eb51c2d8e9bcea4fc97826266d186f96f558/pyserial-3.5-py2.py3-none-any.whl", hash = "sha256:c4451db6ba391ca6ca299fb3ec7bae67a5c55dde170964c7a14ceefec02f2cf0", size = 90585, upload-time = "2020-11-23T03:59:13.41Z" },
]

[[package]]
name = "ruff"
version = "0.16.0"
source = { registry = "https://pypi.org/simple" }
sdist = { url = "https://files.pythonhosted.org/packages/4d/94/1e5e4967626faf12fa56999cd6222dff6992ceb086ad7945756baf70c7a7/ruff-0.16.0.tar.gz", hash = "sha256:e460aafd5495ec89efaa6ced2e4a9a581116451e1c88b9d37ef497e0f8e93982", size = 4790557, upload-time = "2026-07-23T19:11:30.981Z" }
wheels = [
    { url = "https://files.pythonhosted.org/packages/4b/81/1c8818fee7ce1a04cd7d1b3172e0a8f8e4f1dc4feb7fc390e16daa8af323/ruff-0.16.0-py3-none-linux_armv6l.whl", hash = "sha256:e5115729eb08c585e5121978ba5d5b60caeae394ce21b9fb5e6cd33a1c6c9b1e", size = 10754633, upload-time = "2026-07-23T19:10:46.415Z" },
    { url = "https://files.pythonhosted.org/packages/23/df/beaf59c09d68db84304d555f188b276a77132a5d5b0b67a5c762aa143628/ruff-0.16.0-py3-none-macosx_10_12_x86_64.whl", hash = "sha256:3c954b1d580bfa035b41654f7858cc7e71d5fc3ac5b723dd62bd9133830ed522", size = 10969164, upload-time = "2026-07-23T19:10:50.271Z" },
    { url = "https://files.pythonhosted.org/packages/42/ce/741cd197496a1abbf51352710fd15ed995d2a2be87189c1da26a450d6e83/ruff-0.16.0-py3-none-macosx_11_0_arm64.whl", hash = "sha256:e01c21d10eb1b29f47b7454e1f4056db9a3f0260c646aa88457c610291db9f81", size = 10488846, upload-time = "2026-07-23T19:10:52.639Z" },
    { url = "https://files.pythonhosted.org/packages/52/2a/a2db8e88cade358f5cdcb05674a917751074109315d014eb6352d9a893f7/ruff-0.16.0-py3-none-manylinux_2_17_aarch64.manylinux2014_aarch64.whl", hash = "sha256:6e364e5ed22ed8dc05082fd78e35308618260907ac2d3c1d637b2e682415b6c9", size = 10889729, upload-time = "2026-07-23T19:10:54.89Z" },
    { url = "https://files.pythonhosted.org/packages/42/65/62a771694ebd63029dc953e27dbad40e1588bd4860ff9fe881018fddaa49/ruff-0.16.0-py3-none-manylinux_2_17_armv7l.manylinux2014_armv7l.whl", hash = "sha256:d327b8fc113a1d4421a04f3839d3752057c8dd1ee320223a6f3f52d04ada462a", size = 10568275, upload-time = "2026-07-23T19:10:56.993Z" },
    { url = "https://files.pythonhosted.org/packages/3f/e2/ced249fe8af5f086c5c58cc21cc3356d50f32f7401c5df87050c999620a7/ruff-0.16.0-py3-none-manylinux_2_17_i686.manylinux2014_i686.whl", hash = "sha256:a9b50c55e263103586b3dcf5f73d479eb8cb5fdb6098fec59a62891dab653717", size = 11385112, upload-time = "2026-07-23T19:10:59.615Z" },
    { url = "https://files.pythonhosted.org/packages/87/0b/05154977a8fd69eeb6c103271f55403bfd8711f5c0f8ed07489d95a504e7/ruff-0.16.0-py3-none-manylinux_2_17_ppc64le.manylinux2014_ppc64le.whl", hash = "sha256:0ff4a79ce3ec0172f3241943835de1c4cb4e2dcd07f0f8c2d02603dbbbee4b17", size = 12207008, upload-time = "2026-07-23T19:11:02.154Z" },
    { url = "https://files.pythonhosted.org/packages/fb/29/98225831a3a1eab0e02f4acc6ca6559a98611dcc68b6965ff4b7234627c1/ruff-0.16.0-py3-none-manylinux_2_17_s390x.manylinux2014_s390x.whl", hash = "sha256:e95c448fca1fb2a18372a9440926c5a6ee789639bb975c72e7ae6d0b04218ab4", size = 11650842, upload-time = "2026-07-23T19:11:04.557Z" },
    { url = "https://files.pythonhosted.org/packages/91/66/6bd3cf90500653d55dc0ffc8507aa8300bd49d0214b2e8cb4d3fef2943ba/ruff-0.16.0-py3-none-manylinux_2_17_x86_64.manylinux2014_x86_64.whl", hash = "sha256:4f11a8d11010301d0a398a2fdef67691feca7294da6aef55e2150e8fa2cd520b", size = 11400718, upload-time = "2026-07-23T19:11:09.233Z" },
    { url = "https://files.pythonhosted.org/packages/8e/a2/a54eb4eae05d66364050a5d3b8a9c5ef88196531b3cbe7109d873f87f819/ruff-0.16.0-py3-none-manylinux_2_31_riscv64.whl", hash = "sha256:48044c678e9cb8698246c99b14aaccfa6601dea7379eb48a6f8f73f7a6d86cd0", size = 11426177, upload-time = "2026-07-23T19:11:11.994Z" },
    { url = "https://files.pythonhosted.org/packages/1a/be/16e3eea4b2a478a496919f5e36f17c4559e54620bd3bbac5d6affa068006/ruff-0.16.0-py3-none-musllinux_1_2_aarch64.whl", hash = "sha256:7aa0959bad8eb8bef50340154fc9b58678dae31fa4293afa38b44b6e552c0213", size = 10856126, upload-time = "2026-07-23T19:11:14.221Z" },
    { url = "https://files.pythonhosted.org/packages/a2/84/252eb8b868a16eec7257c14f504f77537e734b2d69c762e639e588e304a3/ruff-0.16.0-py3-none-musllinux_1_2_armv7l.whl", hash = "sha256:28ea2b7df8ebf7f9da6b7d47b230ab48f387c0a29be3b474c4d0740e197bb9af", size = 10571208, upload-time = "2026-07-23T19:11:16.378Z" },
    { url = "https://files.pythonhosted.org/packages/21/09/817a482f542f7570cbb4554b26e896610c7114f539b1d9e2d2145bf6bef6/ruff-0.16.0-py3-none-musllinux_1_2_i686.whl", hash = "sha256:33a3dfac8c35f81498dea9181bccc2f4c4bc8f1521a1dd9406e77643e0f0fb09", size = 11063329, upload-time = "2026-07-23T19:11:19.173Z" },
    { url = "https://files.pythonhosted.org/packages/2e/23/9403c180ca1cb9b1f7335f5c3e5305c09d49ea5b345196682a36028bde4a/ruff-0.16.0-py3-none-musllinux_1_2_x86_64.whl", hash = "sha256:a5237a0bda500d30d81b8e07a6973a5cbc772864cbf746ae2f4e8a2e01c9f4ed", size = 11489751, upload-time = "2026-07-23T19:11:21.74Z" },
    { url = "https://files.pythonhosted.org/packages/b2/1d/1b2ef7bcde851c78d7f17f1cca13fd6dc695fc4b3d6197941e72cae5b132/ruff-0.16.0-py3-none-win32.whl", hash = "sha256:7fab76fa065c873f41ff744347c6e77bcc3dfec4bcc754dc26b63d23c0f7f5fb", size = 10785885, upload-time = "2026-07-23T19:11:23.947Z" },
    { url = "https://files.pythonhosted.org/packages/b2/a3/d5e4ef7a56be3f928ffb90b94c25ba7d3cb9c7fe0736aeaaedf361770712/ruff-0.16.0-py3-none-win_amd64.whl", hash = "sha256:429c117f022bf481fabd9d551e7a3952b24c65e6ef44337ea09d90bebef14472", size = 11923141, upload-time = "2026-07-23T19:11:26.409Z" },
    { url = "https://files.pythonhosted.org/packages/cb/9a/8415f2657cbe200f41a4531ccededf135505a92d4a012229121f885b26f9/ruff-0.16.0-py3-none-win_arm64.whl", hash = "sha256:14296fedcd2705c77ab8235439278bbb38f285cf7da5528b00b3e330c3d4872d", size = 11273407, upload-time = "2026-07-23T19:11:28.705Z" },
]
